
Microsoft Visual Studio Solution File, Format Version 12.00
# Visual Studio Version 17
VisualStudioVersion = 17.4.33213.308
MinimumVisualStudioVersion = 10.0.40219.1
Project("{2150E333-8FDC-42A3-9474-1A3956D46DE8}") = "Services", "Services", "{82706EF1-5E1C-4343-99E4-8B23A6400018}"
EndProject
Project("{2150E333-8FDC-42A3-9474-1A3956D46DE8}") = "Catalog", "Catalog", "{805345F3-A56D-4C12-9168-0ECFF1E37D37}"
EndProject
Project("{9A19103F-16F7-4668-BE54-9A1E7A4F7556}") = "CourseServices.Catalog", "Services\Catalog\Course.Services.Catalog\CourseServices.Catalog.csproj", "{71C705C5-A330-4390-825E-78C3B70C8F64}"
EndProject
Project("{2150E333-8FDC-42A3-9474-1A3956D46DE8}") = "Solution Items", "Solution Items", "{914CD95A-D27E-4D1F-933F-B50AB7E30AFE}"
	ProjectSection(SolutionItems) = preProject
		Ports.txt = Ports.txt
	EndProjectSection
EndProject
Project("{2150E333-8FDC-42A3-9474-1A3956D46DE8}") = "Shared", "Shared", "{860AA70C-1738-4FD9-A97F-52732B420FAE}"
EndProject
Project("{9A19103F-16F7-4668-BE54-9A1E7A4F7556}") = "Course.Shared", "Shared\Course.Shared\Course.Shared.csproj", "{D32B1344-DBEC-4AE1-BC67-5A33419F7C0B}"
EndProject
Project("{2150E333-8FDC-42A3-9474-1A3956D46DE8}") = "IdentityServer", "IdentityServer", "{E4493DF5-124F-4E87-95E9-2ACBC4C32677}"
EndProject
Project("{9A19103F-16F7-4668-BE54-9A1E7A4F7556}") = "MicroService.IdentityServer", "IdentityServer\MicroService.IdentityServer\MicroService.IdentityServer.csproj", "{59C17673-A39A-49FC-B545-53DF25033D1E}"
EndProject
Global
	GlobalSection(SolutionConfigurationPlatforms) = preSolution
		Debug|Any CPU = Debug|Any CPU
		Release|Any CPU = Release|Any CPU
	EndGlobalSection
	GlobalSection(ProjectConfigurationPlatforms) = postSolution
		{71C705C5-A330-4390-825E-78C3B70C8F64}.Debug|Any CPU.ActiveCfg = Debug|Any CPU
		{71C705C5-A330-4390-825E-78C3B70C8F64}.Debug|Any CPU.Build.0 = Debug|Any CPU
		{71C705C5-A330-4390-825E-78C3B70C8F64}.Release|Any CPU.ActiveCfg = Release|Any CPU
		{71C705C5-A330-4390-825E-78C3B70C8F64}.Release|Any CPU.Build.0 = Release|Any CPU
		{D32B1344-DBEC-4AE1-BC67-5A33419F7C0B}.Debug|Any CPU.ActiveCfg = Debug|Any CPU
		{D32B1344-DBEC-4AE1-BC67-5A33419F7C0B}.Debug|Any CPU.Build.0 = Debug|Any CPU
		{D32B1344-DBEC-4AE1-BC67-5A33419F7C0B}.Release|Any CPU.ActiveCfg = Release|Any CPU
		{D32B1344-DBEC-4AE1-BC67-5A33419F7C0B}.Release|Any CPU.Build.0 = Release|Any CPU
		{59C17673-A39A-49FC-B545-53DF25033D1E}.Debug|Any CPU.ActiveCfg = Debug|Any CPU
		{59C17673-A39A-49FC-B545-53DF25033D1E}.Debug|Any CPU.Build.0 = Debug|Any CPU
		{59C17673-A39A-49FC-B545-53DF25033D1E}.Release|Any CPU.ActiveCfg = Release|Any CPU
		{59C17673-A39A-49FC-B545-53DF25033D1E}.Release|Any CPU.Build.0 = Release|Any CPU
	EndGlobalSection
	GlobalSection(SolutionProperties) = preSolution
		HideSolutionNode = FALSE
	EndGlobalSection
	GlobalSection(NestedProjects) = preSolution
		{805345F3-A56D-4C12-9168-0ECFF1E37D37} = {82706EF1-5E1C-4343-99E4-8B23A6400018}
		{71C705C5-A330-4390-825E-78C3B70C8F64} = {805345F3-A56D-4C12-9168-0ECFF1E37D37}
		{D32B1344-DBEC-4AE1-BC67-5A33419F7C0B} = {860AA70C-1738-4FD9-A97F-52732B420FAE}
		{59C17673-A39A-49FC-B545-53DF25033D1E} = {E4493DF5-124F-4E87-95E9-2ACBC4C32677}
	EndGlobalSection
	GlobalSection(ExtensibilityGlobals) = postSolution
		SolutionGuid = {2231E1D9-F306-49E0-845B-89EAA7395CE2}
	EndGlobalSection
EndGlobal
